
Microsoft Visual Studio Solution File, Format Version 12.00
# Visual Studio Version 16
VisualStudioVersion = 16.0.31205.134
MinimumVisualStudioVersion = 10.0.40219.1
Project("{8BC9CEB8-8B4A-11D0-8D11-00A0C91BC942}") = "Project2", "Project2\Project2.vcxproj", "{BB2F7317-A33D-4CDE-A8A0-CF3E337FE263}"
EndProject
Global
	GlobalSection(SolutionConfigurationPlatforms) = preSolution
		Debug|x64 = Debug|x64
		Debug|x86 = Debug|x86
		Release|x64 = Release|x64
		Release|x86 = Release|x86
	EndGlobalSection
	GlobalSection(ProjectConfigurationPlatforms) = postSolution
		{BB2F7317-A33D-4CDE-A8A0-CF3E337FE263}.Debug|x64.ActiveCfg = Debug|x64
		{BB2F7317-A33D-4CDE-A8A0-CF3E337FE263}.Debug|x64.Build.0 = Debug|x64
		{BB2F7317-A33D-4CDE-A8A0-CF3E337FE263}.Debug|x86.ActiveCfg = Debug|Win32
		{BB2F7317-A33D-4CDE-A8A0-CF3E337FE263}.Debug|x86.Build.0 = Debug|Win32
		{BB2F7317-A33D-4CDE-A8A0-CF3E337FE263}.Release|x64.ActiveCfg = Release|x64
		{BB2F7317-A33D-4CDE-A8A0-CF3E337FE263}.Release|x64.Build.0 = Release|x64
		{BB2F7317-A33D-4CDE-A8A0-CF3E337FE263}.Release|x86.ActiveCfg = Release|Win32
		{BB2F7317-A33D-4CDE-A8A0-CF3E337FE263}.Release|x86.Build.0 = Release|Win32
	EndGlobalSection
	GlobalSection(SolutionProperties) = preSolution
		HideSolutionNode = FALSE
	EndGlobalSection
	GlobalSection(ExtensibilityGlobals) = postSolution
		SolutionGuid = {C13A146C-542B-4C0D-86CD-797B02394E16}
	EndGlobalSection
EndGlobal
