
Microsoft Visual Studio Solution File, Format Version 12.00
# Visual Studio Version 17
VisualStudioVersion = 17.7.34202.233
MinimumVisualStudioVersion = 10.0.40219.1
Project("{8BC9CEB8-8B4A-11D0-8D11-00A0C91BC942}") = "40.组合总和Ⅱ", "40.组合总和Ⅱ\40.组合总和Ⅱ.vcxproj", "{F0904CE5-A8B4-43DF-85B8-483E840AF607}"
EndProject
Global
	GlobalSection(SolutionConfigurationPlatforms) = preSolution
		Debug|x64 = Debug|x64
		Debug|x86 = Debug|x86
		Release|x64 = Release|x64
		Release|x86 = Release|x86
	EndGlobalSection
	GlobalSection(ProjectConfigurationPlatforms) = postSolution
		{F0904CE5-A8B4-43DF-85B8-483E840AF607}.Debug|x64.ActiveCfg = Debug|x64
		{F0904CE5-A8B4-43DF-85B8-483E840AF607}.Debug|x64.Build.0 = Debug|x64
		{F0904CE5-A8B4-43DF-85B8-483E840AF607}.Debug|x86.ActiveCfg = Debug|Win32
		{F0904CE5-A8B4-43DF-85B8-483E840AF607}.Debug|x86.Build.0 = Debug|Win32
		{F0904CE5-A8B4-43DF-85B8-483E840AF607}.Release|x64.ActiveCfg = Release|x64
		{F0904CE5-A8B4-43DF-85B8-483E840AF607}.Release|x64.Build.0 = Release|x64
		{F0904CE5-A8B4-43DF-85B8-483E840AF607}.Release|x86.ActiveCfg = Release|Win32
		{F0904CE5-A8B4-43DF-85B8-483E840AF607}.Release|x86.Build.0 = Release|Win32
	EndGlobalSection
	GlobalSection(SolutionProperties) = preSolution
		HideSolutionNode = FALSE
	EndGlobalSection
	GlobalSection(ExtensibilityGlobals) = postSolution
		SolutionGuid = {FA5C2BE9-15CE-4B01-BFFC-C4568A72CA1E}
	EndGlobalSection
EndGlobal
