
Microsoft Visual Studio Solution File, Format Version 12.00
# Visual Studio Version 17
VisualStudioVersion = 17.7.34202.233
MinimumVisualStudioVersion = 10.0.40219.1
Project("{8BC9CEB8-8B4A-11D0-8D11-00A0C91BC942}") = "24.两两交换链表中的节点", "24.两两交换链表中的节点\24.两两交换链表中的节点.vcxproj", "{6F33F8B0-2B57-45FB-9EEC-649AF27089FF}"
EndProject
Global
	GlobalSection(SolutionConfigurationPlatforms) = preSolution
		Debug|x64 = Debug|x64
		Debug|x86 = Debug|x86
		Release|x64 = Release|x64
		Release|x86 = Release|x86
	EndGlobalSection
	GlobalSection(ProjectConfigurationPlatforms) = postSolution
		{6F33F8B0-2B57-45FB-9EEC-649AF27089FF}.Debug|x64.ActiveCfg = Debug|x64
		{6F33F8B0-2B57-45FB-9EEC-649AF27089FF}.Debug|x64.Build.0 = Debug|x64
		{6F33F8B0-2B57-45FB-9EEC-649AF27089FF}.Debug|x86.ActiveCfg = Debug|Win32
		{6F33F8B0-2B57-45FB-9EEC-649AF27089FF}.Debug|x86.Build.0 = Debug|Win32
		{6F33F8B0-2B57-45FB-9EEC-649AF27089FF}.Release|x64.ActiveCfg = Release|x64
		{6F33F8B0-2B57-45FB-9EEC-649AF27089FF}.Release|x64.Build.0 = Release|x64
		{6F33F8B0-2B57-45FB-9EEC-649AF27089FF}.Release|x86.ActiveCfg = Release|Win32
		{6F33F8B0-2B57-45FB-9EEC-649AF27089FF}.Release|x86.Build.0 = Release|Win32
	EndGlobalSection
	GlobalSection(SolutionProperties) = preSolution
		HideSolutionNode = FALSE
	EndGlobalSection
	GlobalSection(ExtensibilityGlobals) = postSolution
		SolutionGuid = {38E9D538-D71A-4741-8920-B657DF85D945}
	EndGlobalSection
EndGlobal
