
Microsoft Visual Studio Solution File, Format Version 12.00
# Visual Studio Version 17
VisualStudioVersion = 17.7.34202.233
MinimumVisualStudioVersion = 10.0.40219.1
Project("{8BC9CEB8-8B4A-11D0-8D11-00A0C91BC942}") = "19.删除链表的倒数第N个结点", "19.删除链表的倒数第N个结点\19.删除链表的倒数第N个结点.vcxproj", "{9B115562-EA4E-4E24-B0AE-505034F92D80}"
EndProject
Global
	GlobalSection(SolutionConfigurationPlatforms) = preSolution
		Debug|x64 = Debug|x64
		Debug|x86 = Debug|x86
		Release|x64 = Release|x64
		Release|x86 = Release|x86
	EndGlobalSection
	GlobalSection(ProjectConfigurationPlatforms) = postSolution
		{9B115562-EA4E-4E24-B0AE-505034F92D80}.Debug|x64.ActiveCfg = Debug|x64
		{9B115562-EA4E-4E24-B0AE-505034F92D80}.Debug|x64.Build.0 = Debug|x64
		{9B115562-EA4E-4E24-B0AE-505034F92D80}.Debug|x86.ActiveCfg = Debug|Win32
		{9B115562-EA4E-4E24-B0AE-505034F92D80}.Debug|x86.Build.0 = Debug|Win32
		{9B115562-EA4E-4E24-B0AE-505034F92D80}.Release|x64.ActiveCfg = Release|x64
		{9B115562-EA4E-4E24-B0AE-505034F92D80}.Release|x64.Build.0 = Release|x64
		{9B115562-EA4E-4E24-B0AE-505034F92D80}.Release|x86.ActiveCfg = Release|Win32
		{9B115562-EA4E-4E24-B0AE-505034F92D80}.Release|x86.Build.0 = Release|Win32
	EndGlobalSection
	GlobalSection(SolutionProperties) = preSolution
		HideSolutionNode = FALSE
	EndGlobalSection
	GlobalSection(ExtensibilityGlobals) = postSolution
		SolutionGuid = {B1ED8ED8-D9CE-4099-ADEC-6E160DE20256}
	EndGlobalSection
EndGlobal
